
Microsoft Visual Studio Solution File, Format Version 12.00
# Visual Studio Version 17
VisualStudioVersion = 17.13.35931.197 d17.13
MinimumVisualStudioVersion = 10.0.40219.1
Project("{FAE04EC0-301F-11D3-BF4B-00C04F79EFBC}") = "azilzivotinjePetar", "azilzivotinjePetar.csproj", "{A95F4410-69A1-449B-B986-B09420AE4170}"
EndProject
Global
	GlobalSection(SolutionConfigurationPlatforms) = preSolution
		Debug|Any CPU = Debug|Any CPU
		Release|Any CPU = Release|Any CPU
	EndGlobalSection
	GlobalSection(ProjectConfigurationPlatforms) = postSolution
		{A95F4410-69A1-449B-B986-B09420AE4170}.Debug|Any CPU.ActiveCfg = Debug|Any CPU
		{A95F4410-69A1-449B-B986-B09420AE4170}.Debug|Any CPU.Build.0 = Debug|Any CPU
		{A95F4410-69A1-449B-B986-B09420AE4170}.Release|Any CPU.ActiveCfg = Release|Any CPU
		{A95F4410-69A1-449B-B986-B09420AE4170}.Release|Any CPU.Build.0 = Release|Any CPU
	EndGlobalSection
	GlobalSection(SolutionProperties) = preSolution
		HideSolutionNode = FALSE
	EndGlobalSection
	GlobalSection(ExtensibilityGlobals) = postSolution
		SolutionGuid = {4ABF7CA2-3BF3-4A2F-AE5B-2A9FD92FA221}
	EndGlobalSection
EndGlobal
